{
  "version": 4,
  "terraform_version": "0.12.29",
  "serial": 34,
  "lineage": "8f3682c7-85ac-8659-3ebf-c2a6f561b7a8",
  "outputs": {
    "base_url": {
      "value": "https://qxtjs33vrc.execute-api.us-east-1.amazonaws.com/test",
      "type": "string"
    }
  },
  "resources": [
    {
      "mode": "managed",
      "type": "aws_api_gateway_deployment",
      "name": "example",
      "provider": "provider.aws",
      "instances": [
        {
          "schema_version": 0,
          "attributes": {
            "created_date": "2020-09-11T01:43:31Z",
            "description": "",
            "execution_arn": "arn:aws:execute-api:us-east-1:018398876316:qxtjs33vrc/test",
            "id": "k2dki9",
            "invoke_url": "https://qxtjs33vrc.execute-api.us-east-1.amazonaws.com/test",
            "rest_api_id": "qxtjs33vrc",
            "stage_description": null,
            "stage_name": "test",
            "triggers": null,
            "variables": null
          },
          "private": "bnVsbA==",
          "dependencies": [
            "aws_api_gateway_integration.lambda",
            "aws_api_gateway_integration.lambda_root",
            "aws_api_gateway_method.proxy",
            "aws_api_gateway_method.proxy_root",
            "aws_api_gateway_resource.proxy",
            "aws_api_gateway_rest_api.example",
            "aws_iam_role.lambda_exec",
            "aws_lambda_function.customerRegister"
          ]
        }
      ]
    },
    {
      "mode": "managed",
      "type": "aws_api_gateway_integration",
      "name": "lambda",
      "provider": "provider.aws",
      "instances": [
        {
          "schema_version": 0,
          "attributes": {
            "cache_key_parameters": [],
            "cache_namespace": "tkl2rm",
            "connection_id": "",
            "connection_type": "INTERNET",
            "content_handling": "",
            "credentials": "",
            "http_method": "ANY",
            "id": "agi-qxtjs33vrc-tkl2rm-ANY",
            "integration_http_method": "POST",
            "passthrough_behavior": "WHEN_NO_MATCH",
            "request_parameters": {},
            "request_templates": {},
            "resource_id": "tkl2rm",
            "rest_api_id": "qxtjs33vrc",
            "timeout_milliseconds": 29000,
            "type": "AWS_PROXY",
            "uri": "arn:aws:apigateway:us-east-1:lambda:path/2015-03-31/functions/arn:aws:lambda:us-east-1:018398876316:function:CustomerRegister/invocations"
          },
          "private": "bnVsbA==",
          "dependencies": [
            "aws_api_gateway_method.proxy",
            "aws_api_gateway_resource.proxy",
            "aws_api_gateway_rest_api.example",
            "aws_iam_role.lambda_exec",
            "aws_lambda_function.customerRegister"
          ]
        }
      ]
    },
    {
      "mode": "managed",
      "type": "aws_api_gateway_integration",
      "name": "lambda_root",
      "provider": "provider.aws",
      "instances": [
        {
          "schema_version": 0,
          "attributes": {
            "cache_key_parameters": [],
            "cache_namespace": "91lsj34ibg",
            "connection_id": "",
            "connection_type": "INTERNET",
            "content_handling": "",
            "credentials": "",
            "http_method": "ANY",
            "id": "agi-qxtjs33vrc-91lsj34ibg-ANY",
            "integration_http_method": "POST",
            "passthrough_behavior": "WHEN_NO_MATCH",
            "request_parameters": {},
            "request_templates": {},
            "resource_id": "91lsj34ibg",
            "rest_api_id": "qxtjs33vrc",
            "timeout_milliseconds": 29000,
            "type": "AWS_PROXY",
            "uri": "arn:aws:apigateway:us-east-1:lambda:path/2015-03-31/functions/arn:aws:lambda:us-east-1:018398876316:function:CustomerRegister/invocations"
          },
          "private": "bnVsbA==",
          "dependencies": [
            "aws_api_gateway_method.proxy_root",
            "aws_api_gateway_rest_api.example",
            "aws_iam_role.lambda_exec",
            "aws_lambda_function.customerRegister"
          ]
        }
      ]
    },
    {
      "mode": "managed",
      "type": "aws_api_gateway_method",
      "name": "proxy",
      "provider": "provider.aws",
      "instances": [
        {
          "schema_version": 0,
          "attributes": {
            "api_key_required": false,
            "authorization": "NONE",
            "authorization_scopes": [],
            "authorizer_id": "",
            "http_method": "ANY",
            "id": "agm-qxtjs33vrc-tkl2rm-ANY",
            "request_models": {},
            "request_parameters": {},
            "request_validator_id": "",
            "resource_id": "tkl2rm",
            "rest_api_id": "qxtjs33vrc"
          },
          "private": "bnVsbA==",
          "dependencies": [
            "aws_api_gateway_resource.proxy",
            "aws_api_gateway_rest_api.example"
          ]
        }
      ]
    },
    {
      "mode": "managed",
      "type": "aws_api_gateway_method",
      "name": "proxy_root",
      "provider": "provider.aws",
      "instances": [
        {
          "schema_version": 0,
          "attributes": {
            "api_key_required": false,
            "authorization": "NONE",
            "authorization_scopes": [],
            "authorizer_id": "",
            "http_method": "ANY",
            "id": "agm-qxtjs33vrc-91lsj34ibg-ANY",
            "request_models": {},
            "request_parameters": {},
            "request_validator_id": "",
            "resource_id": "91lsj34ibg",
            "rest_api_id": "qxtjs33vrc"
          },
          "private": "bnVsbA==",
          "dependencies": [
            "aws_api_gateway_rest_api.example"
          ]
        }
      ]
    },
    {
      "mode": "managed",
      "type": "aws_api_gateway_resource",
      "name": "proxy",
      "provider": "provider.aws",
      "instances": [
        {
          "schema_version": 0,
          "attributes": {
            "id": "tkl2rm",
            "parent_id": "91lsj34ibg",
            "path": "/{proxy+}",
            "path_part": "{proxy+}",
            "rest_api_id": "qxtjs33vrc"
          },
          "private": "bnVsbA==",
          "dependencies": [
            "aws_api_gateway_rest_api.example"
          ]
        }
      ]
    },
    {
      "mode": "managed",
      "type": "aws_api_gateway_rest_api",
      "name": "example",
      "provider": "provider.aws",
      "instances": [
        {
          "schema_version": 0,
          "attributes": {
            "api_key_source": "HEADER",
            "arn": "arn:aws:apigateway:us-east-1::/restapis/qxtjs33vrc",
            "binary_media_types": [],
            "body": null,
            "created_date": "2020-09-11T01:43:09Z",
            "description": "Terraform Serverless Application Example",
            "endpoint_configuration": [
              {
                "types": [
                  "EDGE"
                ],
                "vpc_endpoint_ids": []
              }
            ],
            "execution_arn": "arn:aws:execute-api:us-east-1:018398876316:qxtjs33vrc",
            "id": "qxtjs33vrc",
            "minimum_compression_size": -1,
            "name": "ServerlessExample",
            "policy": "",
            "root_resource_id": "91lsj34ibg",
            "tags": {}
          },
          "private": "bnVsbA=="
        }
      ]
    },
    {
      "mode": "managed",
      "type": "aws_iam_role",
      "name": "lambda_exec",
      "provider": "provider.aws",
      "instances": [
        {
          "schema_version": 0,
          "attributes": {
            "arn": "arn:aws:iam::018398876316:role/serverless_customer_register_lambda",
            "assume_role_policy": "{\"Version\":\"2012-10-17\",\"Statement\":[{\"Sid\":\"\",\"Effect\":\"Allow\",\"Principal\":{\"Service\":\"lambda.amazonaws.com\"},\"Action\":\"sts:AssumeRole\"}]}",
            "create_date": "2020-09-11T01:43:09Z",
            "description": "",
            "force_detach_policies": false,
            "id": "serverless_customer_register_lambda",
            "max_session_duration": 3600,
            "name": "serverless_customer_register_lambda",
            "name_prefix": null,
            "path": "/",
            "permissions_boundary": null,
            "tags": {},
            "unique_id": "AROAQISFISKOC6CKI7YFS"
          },
          "private": "bnVsbA=="
        }
      ]
    },
    {
      "mode": "managed",
      "type": "aws_lambda_function",
      "name": "customerRegister",
      "provider": "provider.aws",
      "instances": [
        {
          "schema_version": 0,
          "attributes": {
            "arn": "arn:aws:lambda:us-east-1:018398876316:function:CustomerRegister",
            "dead_letter_config": [],
            "description": "",
            "environment": [],
            "file_system_config": [],
            "filename": null,
            "function_name": "CustomerRegister",
            "handler": "main.handler",
            "id": "CustomerRegister",
            "invoke_arn": "arn:aws:apigateway:us-east-1:lambda:path/2015-03-31/functions/arn:aws:lambda:us-east-1:018398876316:function:CustomerRegister/invocations",
            "kms_key_arn": "",
            "last_modified": "2020-09-11T03:10:23.866+0000",
            "layers": [],
            "memory_size": 128,
            "publish": false,
            "qualified_arn": "arn:aws:lambda:us-east-1:018398876316:function:CustomerRegister:$LATEST",
            "reserved_concurrent_executions": -1,
            "role": "arn:aws:iam::018398876316:role/serverless_customer_register_lambda",
            "runtime": "nodejs10.x",
            "s3_bucket": "10-pines-conf-app",
            "s3_key": "0.0.4/customerRegister.zip",
            "s3_object_version": null,
            "source_code_hash": "5DsEMOp5JcPcshmD3NvnaBtc26S9DC8YYWegdHxXX8w=",
            "source_code_size": 8030412,
            "tags": {},
            "timeout": 3,
            "timeouts": null,
            "tracing_config": [
              {
                "mode": "PassThrough"
              }
            ],
            "version": "$LATEST",
            "vpc_config": []
          },
          "private": "eyJlMmJmYjczMC1lY2FhLTExZTYtOGY4OC0zNDM2M2JjN2M0YzAiOnsiY3JlYXRlIjo2MDAwMDAwMDAwMDB9fQ==",
          "dependencies": [
            "aws_iam_role.lambda_exec"
          ]
        }
      ]
    },
    {
      "mode": "managed",
      "type": "aws_lambda_permission",
      "name": "apigw",
      "provider": "provider.aws",
      "instances": [
        {
          "schema_version": 0,
          "attributes": {
            "action": "lambda:InvokeFunction",
            "event_source_token": null,
            "function_name": "CustomerRegister",
            "id": "AllowAPIGatewayInvoke",
            "principal": "apigateway.amazonaws.com",
            "qualifier": "",
            "source_account": null,
            "source_arn": "arn:aws:execute-api:us-east-1:018398876316:qxtjs33vrc/*/*",
            "statement_id": "AllowAPIGatewayInvoke",
            "statement_id_prefix": null
          },
          "private": "bnVsbA==",
          "dependencies": [
            "aws_api_gateway_rest_api.example",
            "aws_iam_role.lambda_exec",
            "aws_lambda_function.customerRegister"
          ]
        }
      ]
    }
  ]
}
